
Microsoft Visual Studio Solution File, Format Version 12.00
# Visual Studio Version 16
VisualStudioVersion = 16.0.32126.315
MinimumVisualStudioVersion = 10.0.40219.1
Project("{8BC9CEB8-8B4A-11D0-8D11-00A0C91BC942}") = "cityHeatControl", "src\cityHeatControl\cityHeatControl.vcxproj", "{C5F80730-F44F-4478-BDAE-6634EFC2CA88}"
EndProject
Project("{2150E333-8FDC-42A3-9474-1A3956D46DE8}") = "Tests", "Tests", "{3FBEC66C-9073-4C9E-B448-2CB01D94839D}"
EndProject
Project("{8BC9CEB8-8B4A-11D0-8D11-00A0C91BC942}") = "lcd3Wire", "tests\lcd3Wire\lcd3Wire.vcxproj", "{A7F017D1-92ED-4FF9-91A0-5155AEF211AF}"
EndProject
Project("{8BC9CEB8-8B4A-11D0-8D11-00A0C91BC942}") = "ds18b20", "tests\ds18b20\ds18b20.vcxproj", "{50A2A7F7-C666-45E4-AE32-6FC255AB4142}"
EndProject
Project("{8BC9CEB8-8B4A-11D0-8D11-00A0C91BC942}") = "actuatorControl", "tests\actuatorControl\actuatorControl.vcxproj", "{D9FF5E2F-1F8F-416F-B318-0D703411423A}"
EndProject
Project("{8BC9CEB8-8B4A-11D0-8D11-00A0C91BC942}") = "mqtt", "tests\mqtt\mqtt.vcxproj", "{F4D08EAD-0B7A-47D2-B245-9CB61D1226A3}"
EndProject
Project("{8BC9CEB8-8B4A-11D0-8D11-00A0C91BC942}") = "ds18b20Tasks", "tests\ds18b20Tasks\ds18b20Tasks.vcxproj", "{FA8E62E6-ACCA-4752-BAB4-9072F6949F84}"
EndProject
Project("{8BC9CEB8-8B4A-11D0-8D11-00A0C91BC942}") = "btnDebounce", "tests\btnDebounce\btnDebounce.vcxproj", "{785CBE7F-C9FE-41FB-A245-884DDACDF70A}"
EndProject
Project("{8BC9CEB8-8B4A-11D0-8D11-00A0C91BC942}") = "mqttTasks", "tests\mqttTasks\mqttTasks.vcxproj", "{BED84963-0356-4B11-A14E-AB1F947B2E96}"
EndProject
Project("{8BC9CEB8-8B4A-11D0-8D11-00A0C91BC942}") = "isr", "tests\isr\isr.vcxproj", "{2F0302B3-A155-4BE4-AEAE-D9CCFCB27FC8}"
EndProject
Project("{2150E333-8FDC-42A3-9474-1A3956D46DE8}") = "Links", "Links", "{3F3FAF09-B01B-4566-9AA8-844F4B91DDE6}"
	ProjectSection(SolutionItems) = preProject
		TaskScheduler.url = TaskScheduler.url
	EndProjectSection
EndProject
Project("{2150E333-8FDC-42A3-9474-1A3956D46DE8}") = "Samples", "Samples", "{C311B5E6-2CEA-4FA0-9395-7A814443133D}"
	ProjectSection(SolutionItems) = preProject
		samples\apis.ino = samples\apis.ino
		samples\apis_edit.ino = samples\apis_edit.ino
	EndProjectSection
EndProject
Project("{8BC9CEB8-8B4A-11D0-8D11-00A0C91BC942}") = "flowMeter", "src\flowMeter\flowMeter.vcxproj", "{05E33056-D79A-45FC-A9CD-A4AA94B960DE}"
EndProject
Project("{8BC9CEB8-8B4A-11D0-8D11-00A0C91BC942}") = "snprintf-test", "tests\snprintf-test\snprintf-test.vcxproj", "{DA81184A-9055-4E35-8405-78B939F123E6}"
EndProject
Project("{8BC9CEB8-8B4A-11D0-8D11-00A0C91BC942}") = "tempMeter", "src\tempMeter\tempMeter.vcxproj", "{9C5F0929-6C80-4FDA-B6F7-CE913126B981}"
EndProject
Project("{8BC9CEB8-8B4A-11D0-8D11-00A0C91BC942}") = "isrDebounce", "tests\isrDebounce\isrDebounce.vcxproj", "{60552213-CDF7-44E3-94F0-56BD8CA32EB1}"
EndProject
Project("{2150E333-8FDC-42A3-9474-1A3956D46DE8}") = "Templates", "Templates", "{E29D6810-50CC-42C6-B8BB-3E5EEC5CDC85}"
EndProject
Project("{8BC9CEB8-8B4A-11D0-8D11-00A0C91BC942}") = "espTask", "templates\espTask\espTask.vcxproj", "{6D50B851-9830-48A3-AE1A-F253FC68D709}"
EndProject
Project("{8BC9CEB8-8B4A-11D0-8D11-00A0C91BC942}") = "rs485", "tests\rs485\rs485.vcxproj", "{860EA64A-75E5-4517-848C-FCFE6383D694}"
EndProject
Project("{8BC9CEB8-8B4A-11D0-8D11-00A0C91BC942}") = "valveControl", "src\valveControl\valveControl.vcxproj", "{5B40ED43-8F42-4150-AEFE-DA867E4FB29F}"
EndProject
Project("{8BC9CEB8-8B4A-11D0-8D11-00A0C91BC942}") = "actuatorControl", "src\actuatorControl\actuatorControl.vcxproj", "{93D6C112-8987-4829-95DD-7E0E2E7D4E3A}"
EndProject
Project("{8BC9CEB8-8B4A-11D0-8D11-00A0C91BC942}") = "boilerControl", "src\boilerControl\boilerControl.vcxproj", "{6F018C54-0E3C-4AEC-A9AC-E905D28E9450}"
EndProject
Project("{8BC9CEB8-8B4A-11D0-8D11-00A0C91BC942}") = "uniTask", "templates\uniTask\uniTask.vcxproj", "{71BB1584-6100-4777-AF8D-ED8ECDB3A9E0}"
EndProject
Global
	GlobalSection(SolutionConfigurationPlatforms) = preSolution
		Debug|x86 = Debug|x86
		Release|x86 = Release|x86
	EndGlobalSection
	GlobalSection(ProjectConfigurationPlatforms) = postSolution
		{C5F80730-F44F-4478-BDAE-6634EFC2CA88}.Debug|x86.ActiveCfg = Debug|Win32
		{C5F80730-F44F-4478-BDAE-6634EFC2CA88}.Debug|x86.Build.0 = Debug|Win32
		{C5F80730-F44F-4478-BDAE-6634EFC2CA88}.Release|x86.ActiveCfg = Release|Win32
		{C5F80730-F44F-4478-BDAE-6634EFC2CA88}.Release|x86.Build.0 = Release|Win32
		{A7F017D1-92ED-4FF9-91A0-5155AEF211AF}.Debug|x86.ActiveCfg = Debug|Win32
		{A7F017D1-92ED-4FF9-91A0-5155AEF211AF}.Debug|x86.Build.0 = Debug|Win32
		{A7F017D1-92ED-4FF9-91A0-5155AEF211AF}.Release|x86.ActiveCfg = Release|Win32
		{A7F017D1-92ED-4FF9-91A0-5155AEF211AF}.Release|x86.Build.0 = Release|Win32
		{50A2A7F7-C666-45E4-AE32-6FC255AB4142}.Debug|x86.ActiveCfg = Debug|Win32
		{50A2A7F7-C666-45E4-AE32-6FC255AB4142}.Debug|x86.Build.0 = Debug|Win32
		{50A2A7F7-C666-45E4-AE32-6FC255AB4142}.Release|x86.ActiveCfg = Release|Win32
		{50A2A7F7-C666-45E4-AE32-6FC255AB4142}.Release|x86.Build.0 = Release|Win32
		{D9FF5E2F-1F8F-416F-B318-0D703411423A}.Debug|x86.ActiveCfg = Debug|Win32
		{D9FF5E2F-1F8F-416F-B318-0D703411423A}.Debug|x86.Build.0 = Debug|Win32
		{D9FF5E2F-1F8F-416F-B318-0D703411423A}.Release|x86.ActiveCfg = Release|Win32
		{D9FF5E2F-1F8F-416F-B318-0D703411423A}.Release|x86.Build.0 = Release|Win32
		{F4D08EAD-0B7A-47D2-B245-9CB61D1226A3}.Debug|x86.ActiveCfg = Debug|Win32
		{F4D08EAD-0B7A-47D2-B245-9CB61D1226A3}.Debug|x86.Build.0 = Debug|Win32
		{F4D08EAD-0B7A-47D2-B245-9CB61D1226A3}.Release|x86.ActiveCfg = Release|Win32
		{F4D08EAD-0B7A-47D2-B245-9CB61D1226A3}.Release|x86.Build.0 = Release|Win32
		{FA8E62E6-ACCA-4752-BAB4-9072F6949F84}.Debug|x86.ActiveCfg = Debug|Win32
		{FA8E62E6-ACCA-4752-BAB4-9072F6949F84}.Debug|x86.Build.0 = Debug|Win32
		{FA8E62E6-ACCA-4752-BAB4-9072F6949F84}.Release|x86.ActiveCfg = Release|Win32
		{FA8E62E6-ACCA-4752-BAB4-9072F6949F84}.Release|x86.Build.0 = Release|Win32
		{785CBE7F-C9FE-41FB-A245-884DDACDF70A}.Debug|x86.ActiveCfg = Debug|Win32
		{785CBE7F-C9FE-41FB-A245-884DDACDF70A}.Debug|x86.Build.0 = Debug|Win32
		{785CBE7F-C9FE-41FB-A245-884DDACDF70A}.Release|x86.ActiveCfg = Release|Win32
		{785CBE7F-C9FE-41FB-A245-884DDACDF70A}.Release|x86.Build.0 = Release|Win32
		{BED84963-0356-4B11-A14E-AB1F947B2E96}.Debug|x86.ActiveCfg = Debug|Win32
		{BED84963-0356-4B11-A14E-AB1F947B2E96}.Debug|x86.Build.0 = Debug|Win32
		{BED84963-0356-4B11-A14E-AB1F947B2E96}.Release|x86.ActiveCfg = Release|Win32
		{BED84963-0356-4B11-A14E-AB1F947B2E96}.Release|x86.Build.0 = Release|Win32
		{2F0302B3-A155-4BE4-AEAE-D9CCFCB27FC8}.Debug|x86.ActiveCfg = Debug|Win32
		{2F0302B3-A155-4BE4-AEAE-D9CCFCB27FC8}.Debug|x86.Build.0 = Debug|Win32
		{2F0302B3-A155-4BE4-AEAE-D9CCFCB27FC8}.Release|x86.ActiveCfg = Release|Win32
		{2F0302B3-A155-4BE4-AEAE-D9CCFCB27FC8}.Release|x86.Build.0 = Release|Win32
		{05E33056-D79A-45FC-A9CD-A4AA94B960DE}.Debug|x86.ActiveCfg = Debug|Win32
		{05E33056-D79A-45FC-A9CD-A4AA94B960DE}.Debug|x86.Build.0 = Debug|Win32
		{05E33056-D79A-45FC-A9CD-A4AA94B960DE}.Release|x86.ActiveCfg = Release|Win32
		{05E33056-D79A-45FC-A9CD-A4AA94B960DE}.Release|x86.Build.0 = Release|Win32
		{DA81184A-9055-4E35-8405-78B939F123E6}.Debug|x86.ActiveCfg = Debug|Win32
		{DA81184A-9055-4E35-8405-78B939F123E6}.Debug|x86.Build.0 = Debug|Win32
		{DA81184A-9055-4E35-8405-78B939F123E6}.Release|x86.ActiveCfg = Release|Win32
		{DA81184A-9055-4E35-8405-78B939F123E6}.Release|x86.Build.0 = Release|Win32
		{9C5F0929-6C80-4FDA-B6F7-CE913126B981}.Debug|x86.ActiveCfg = Debug|Win32
		{9C5F0929-6C80-4FDA-B6F7-CE913126B981}.Debug|x86.Build.0 = Debug|Win32
		{9C5F0929-6C80-4FDA-B6F7-CE913126B981}.Release|x86.ActiveCfg = Release|Win32
		{9C5F0929-6C80-4FDA-B6F7-CE913126B981}.Release|x86.Build.0 = Release|Win32
		{60552213-CDF7-44E3-94F0-56BD8CA32EB1}.Debug|x86.ActiveCfg = Debug|Win32
		{60552213-CDF7-44E3-94F0-56BD8CA32EB1}.Debug|x86.Build.0 = Debug|Win32
		{60552213-CDF7-44E3-94F0-56BD8CA32EB1}.Release|x86.ActiveCfg = Release|Win32
		{60552213-CDF7-44E3-94F0-56BD8CA32EB1}.Release|x86.Build.0 = Release|Win32
		{6D50B851-9830-48A3-AE1A-F253FC68D709}.Debug|x86.ActiveCfg = Debug|Win32
		{6D50B851-9830-48A3-AE1A-F253FC68D709}.Debug|x86.Build.0 = Debug|Win32
		{6D50B851-9830-48A3-AE1A-F253FC68D709}.Release|x86.ActiveCfg = Release|Win32
		{6D50B851-9830-48A3-AE1A-F253FC68D709}.Release|x86.Build.0 = Release|Win32
		{860EA64A-75E5-4517-848C-FCFE6383D694}.Debug|x86.ActiveCfg = Debug|Win32
		{860EA64A-75E5-4517-848C-FCFE6383D694}.Debug|x86.Build.0 = Debug|Win32
		{860EA64A-75E5-4517-848C-FCFE6383D694}.Release|x86.ActiveCfg = Release|Win32
		{860EA64A-75E5-4517-848C-FCFE6383D694}.Release|x86.Build.0 = Release|Win32
		{5B40ED43-8F42-4150-AEFE-DA867E4FB29F}.Debug|x86.ActiveCfg = Debug|Win32
		{5B40ED43-8F42-4150-AEFE-DA867E4FB29F}.Debug|x86.Build.0 = Debug|Win32
		{5B40ED43-8F42-4150-AEFE-DA867E4FB29F}.Release|x86.ActiveCfg = Release|Win32
		{5B40ED43-8F42-4150-AEFE-DA867E4FB29F}.Release|x86.Build.0 = Release|Win32
		{93D6C112-8987-4829-95DD-7E0E2E7D4E3A}.Debug|x86.ActiveCfg = Debug|Win32
		{93D6C112-8987-4829-95DD-7E0E2E7D4E3A}.Debug|x86.Build.0 = Debug|Win32
		{93D6C112-8987-4829-95DD-7E0E2E7D4E3A}.Release|x86.ActiveCfg = Release|Win32
		{93D6C112-8987-4829-95DD-7E0E2E7D4E3A}.Release|x86.Build.0 = Release|Win32
		{6F018C54-0E3C-4AEC-A9AC-E905D28E9450}.Debug|x86.ActiveCfg = Debug|Win32
		{6F018C54-0E3C-4AEC-A9AC-E905D28E9450}.Debug|x86.Build.0 = Debug|Win32
		{6F018C54-0E3C-4AEC-A9AC-E905D28E9450}.Release|x86.ActiveCfg = Release|Win32
		{6F018C54-0E3C-4AEC-A9AC-E905D28E9450}.Release|x86.Build.0 = Release|Win32
		{71BB1584-6100-4777-AF8D-ED8ECDB3A9E0}.Debug|x86.ActiveCfg = Debug|Win32
		{71BB1584-6100-4777-AF8D-ED8ECDB3A9E0}.Debug|x86.Build.0 = Debug|Win32
		{71BB1584-6100-4777-AF8D-ED8ECDB3A9E0}.Release|x86.ActiveCfg = Release|Win32
		{71BB1584-6100-4777-AF8D-ED8ECDB3A9E0}.Release|x86.Build.0 = Release|Win32
	EndGlobalSection
	GlobalSection(SolutionProperties) = preSolution
		HideSolutionNode = FALSE
	EndGlobalSection
	GlobalSection(NestedProjects) = preSolution
		{A7F017D1-92ED-4FF9-91A0-5155AEF211AF} = {3FBEC66C-9073-4C9E-B448-2CB01D94839D}
		{50A2A7F7-C666-45E4-AE32-6FC255AB4142} = {3FBEC66C-9073-4C9E-B448-2CB01D94839D}
		{D9FF5E2F-1F8F-416F-B318-0D703411423A} = {3FBEC66C-9073-4C9E-B448-2CB01D94839D}
		{F4D08EAD-0B7A-47D2-B245-9CB61D1226A3} = {3FBEC66C-9073-4C9E-B448-2CB01D94839D}
		{FA8E62E6-ACCA-4752-BAB4-9072F6949F84} = {3FBEC66C-9073-4C9E-B448-2CB01D94839D}
		{785CBE7F-C9FE-41FB-A245-884DDACDF70A} = {3FBEC66C-9073-4C9E-B448-2CB01D94839D}
		{BED84963-0356-4B11-A14E-AB1F947B2E96} = {3FBEC66C-9073-4C9E-B448-2CB01D94839D}
		{2F0302B3-A155-4BE4-AEAE-D9CCFCB27FC8} = {3FBEC66C-9073-4C9E-B448-2CB01D94839D}
		{DA81184A-9055-4E35-8405-78B939F123E6} = {3FBEC66C-9073-4C9E-B448-2CB01D94839D}
		{60552213-CDF7-44E3-94F0-56BD8CA32EB1} = {3FBEC66C-9073-4C9E-B448-2CB01D94839D}
		{6D50B851-9830-48A3-AE1A-F253FC68D709} = {E29D6810-50CC-42C6-B8BB-3E5EEC5CDC85}
		{860EA64A-75E5-4517-848C-FCFE6383D694} = {3FBEC66C-9073-4C9E-B448-2CB01D94839D}
		{71BB1584-6100-4777-AF8D-ED8ECDB3A9E0} = {E29D6810-50CC-42C6-B8BB-3E5EEC5CDC85}
	EndGlobalSection
	GlobalSection(ExtensibilityGlobals) = postSolution
		SolutionGuid = {B75C6B6B-B794-4837-A0B3-9D10FF1CAC6F}
	EndGlobalSection
EndGlobal
