
Microsoft Visual Studio Solution File, Format Version 12.00
# Visual Studio 14
VisualStudioVersion = 14.0.25420.1
MinimumVisualStudioVersion = 10.0.40219.1
Project("{8BC9CEB8-8B4A-11D0-8D11-00A0C91BC942}") = "Led7seg", "Led7seg\Led7seg.vcxproj", "{C5F80730-F44F-4478-BDAE-6634EFC2CA88}"
EndProject
Project("{8BC9CEB8-8B4A-11D0-8D11-00A0C91BC942}") = "DanfosMotorControl", "DanfosMotorControl\DanfosMotorControl.vcxproj", "{F3EA3019-E18F-4C8F-9A3C-970552618812}"
EndProject
Project("{8BC9CEB8-8B4A-11D0-8D11-00A0C91BC942}") = "LCD3Wire", "LCD3Wire\LCD3Wire.vcxproj", "{94C196FD-59DB-44BC-9C30-B96A5C0D4E3A}"
EndProject
Project("{8BC9CEB8-8B4A-11D0-8D11-00A0C91BC942}") = "devBoard", "devBoard\devBoard.vcxproj", "{8D8E3865-6472-49A8-B1BB-A7F64BC4D4DF}"
EndProject
Project("{8BC9CEB8-8B4A-11D0-8D11-00A0C91BC942}") = "MQTT", "MQTT\MQTT.vcxproj", "{EF30A44A-8B67-4876-AB0D-0C2E4BCCA097}"
EndProject
Project("{8BC9CEB8-8B4A-11D0-8D11-00A0C91BC942}") = "StrOperations", "StrOperations\StrOperations.vcxproj", "{729A5746-A87E-4024-9CE6-1A2CCB3DC32B}"
EndProject
Project("{8BC9CEB8-8B4A-11D0-8D11-00A0C91BC942}") = "ethTest", "ethTest\ethTest.vcxproj", "{DEE6B85E-5568-452D-9E48-CD1394E10F8F}"
EndProject
Project("{8BC9CEB8-8B4A-11D0-8D11-00A0C91BC942}") = "Voltage", "Voltage\Voltage.vcxproj", "{CD8EB9B3-D922-4140-8DF5-B0842ED0A3BC}"
EndProject
Project("{8BC9CEB8-8B4A-11D0-8D11-00A0C91BC942}") = "mqttTS", "mqttTS\mqttTS.vcxproj", "{C6E40685-8E81-45BE-9B33-A4815DC508C2}"
EndProject
Global
	GlobalSection(SolutionConfigurationPlatforms) = preSolution
		Debug|x86 = Debug|x86
		Release|x86 = Release|x86
	EndGlobalSection
	GlobalSection(ProjectConfigurationPlatforms) = postSolution
		{C5F80730-F44F-4478-BDAE-6634EFC2CA88}.Debug|x86.ActiveCfg = Debug|Win32
		{C5F80730-F44F-4478-BDAE-6634EFC2CA88}.Debug|x86.Build.0 = Debug|Win32
		{C5F80730-F44F-4478-BDAE-6634EFC2CA88}.Release|x86.ActiveCfg = Release|Win32
		{C5F80730-F44F-4478-BDAE-6634EFC2CA88}.Release|x86.Build.0 = Release|Win32
		{F3EA3019-E18F-4C8F-9A3C-970552618812}.Debug|x86.ActiveCfg = Debug|Win32
		{F3EA3019-E18F-4C8F-9A3C-970552618812}.Debug|x86.Build.0 = Debug|Win32
		{F3EA3019-E18F-4C8F-9A3C-970552618812}.Release|x86.ActiveCfg = Release|Win32
		{F3EA3019-E18F-4C8F-9A3C-970552618812}.Release|x86.Build.0 = Release|Win32
		{94C196FD-59DB-44BC-9C30-B96A5C0D4E3A}.Debug|x86.ActiveCfg = Debug|Win32
		{94C196FD-59DB-44BC-9C30-B96A5C0D4E3A}.Debug|x86.Build.0 = Debug|Win32
		{94C196FD-59DB-44BC-9C30-B96A5C0D4E3A}.Release|x86.ActiveCfg = Release|Win32
		{94C196FD-59DB-44BC-9C30-B96A5C0D4E3A}.Release|x86.Build.0 = Release|Win32
		{8D8E3865-6472-49A8-B1BB-A7F64BC4D4DF}.Debug|x86.ActiveCfg = Debug|Win32
		{8D8E3865-6472-49A8-B1BB-A7F64BC4D4DF}.Debug|x86.Build.0 = Debug|Win32
		{8D8E3865-6472-49A8-B1BB-A7F64BC4D4DF}.Release|x86.ActiveCfg = Release|Win32
		{8D8E3865-6472-49A8-B1BB-A7F64BC4D4DF}.Release|x86.Build.0 = Release|Win32
		{EF30A44A-8B67-4876-AB0D-0C2E4BCCA097}.Debug|x86.ActiveCfg = Debug|Win32
		{EF30A44A-8B67-4876-AB0D-0C2E4BCCA097}.Debug|x86.Build.0 = Debug|Win32
		{EF30A44A-8B67-4876-AB0D-0C2E4BCCA097}.Release|x86.ActiveCfg = Release|Win32
		{EF30A44A-8B67-4876-AB0D-0C2E4BCCA097}.Release|x86.Build.0 = Release|Win32
		{729A5746-A87E-4024-9CE6-1A2CCB3DC32B}.Debug|x86.ActiveCfg = Debug|Win32
		{729A5746-A87E-4024-9CE6-1A2CCB3DC32B}.Debug|x86.Build.0 = Debug|Win32
		{729A5746-A87E-4024-9CE6-1A2CCB3DC32B}.Release|x86.ActiveCfg = Release|Win32
		{729A5746-A87E-4024-9CE6-1A2CCB3DC32B}.Release|x86.Build.0 = Release|Win32
		{DEE6B85E-5568-452D-9E48-CD1394E10F8F}.Debug|x86.ActiveCfg = Debug|Win32
		{DEE6B85E-5568-452D-9E48-CD1394E10F8F}.Debug|x86.Build.0 = Debug|Win32
		{DEE6B85E-5568-452D-9E48-CD1394E10F8F}.Release|x86.ActiveCfg = Release|Win32
		{DEE6B85E-5568-452D-9E48-CD1394E10F8F}.Release|x86.Build.0 = Release|Win32
		{CD8EB9B3-D922-4140-8DF5-B0842ED0A3BC}.Debug|x86.ActiveCfg = Debug|Win32
		{CD8EB9B3-D922-4140-8DF5-B0842ED0A3BC}.Debug|x86.Build.0 = Debug|Win32
		{CD8EB9B3-D922-4140-8DF5-B0842ED0A3BC}.Release|x86.ActiveCfg = Release|Win32
		{CD8EB9B3-D922-4140-8DF5-B0842ED0A3BC}.Release|x86.Build.0 = Release|Win32
		{C6E40685-8E81-45BE-9B33-A4815DC508C2}.Debug|x86.ActiveCfg = Debug|Win32
		{C6E40685-8E81-45BE-9B33-A4815DC508C2}.Debug|x86.Build.0 = Debug|Win32
		{C6E40685-8E81-45BE-9B33-A4815DC508C2}.Release|x86.ActiveCfg = Release|Win32
		{C6E40685-8E81-45BE-9B33-A4815DC508C2}.Release|x86.Build.0 = Release|Win32
	EndGlobalSection
	GlobalSection(SolutionProperties) = preSolution
		HideSolutionNode = FALSE
	EndGlobalSection
EndGlobal
